// !$*UTF8*$!
{
	archiveVersion = 1;
	classes = {
	};
	objectVersion = 50;
	objects = {

/* Begin PBXBuildFile section */
		25A4B5A1234F868A008B4032 /* AppDelegate.swift in Sources */ = {isa = PBXBuildFile; fileRef = 25A4B5A0234F868A008B4032 /* AppDelegate.swift */; };
		25A4B5A3234F868A008B4032 /* SceneDelegate.swift in Sources */ = {isa = PBXBuildFile; fileRef = 25A4B5A2234F868A008B4032 /* SceneDelegate.swift */; };
		25A4B5A5234F868A008B4032 /* ViewController.swift in Sources */ = {isa = PBXBuildFile; fileRef = 25A4B5A4234F868A008B4032 /* ViewController.swift */; };
		25A4B5A8234F868A008B4032 /* Main.storyboard in Resources */ = {isa = PBXBuildFile; fileRef = 25A4B5A6234F868A008B4032 /* Main.storyboard */; };
		25A4B5AA234F868C008B4032 /* Assets.xcassets in Resources */ = {isa = PBXBuildFile; fileRef = 25A4B5A9234F868C008B4032 /* Assets.xcassets */; };
		25A4B5AD234F868C008B4032 /* LaunchScreen.storyboard in Resources */ = {isa = PBXBuildFile; fileRef = 25A4B5AB234F868C008B4032 /* LaunchScreen.storyboard */; };
		25A4B5B8234F868D008B4032 /* CataaSTests.swift in Sources */ = {isa = PBXBuildFile; fileRef = 25A4B5B7234F868D008B4032 /* CataaSTests.swift */; };
		3970C2A220B2BFA621F3F8CA /* Pods_CataaS.framework in Frameworks */ = {isa = PBXBuildFile; fileRef = 0580431DE229816F43C5B550 /* Pods_CataaS.framework */; };
		703D2AE6AAAADD50BBB54735 /* Pods_CataaSTests.framework in Frameworks */ = {isa = PBXBuildFile; fileRef = BB8DAD4424571FB161BD1E93 /* Pods_CataaSTests.framework */; };
/* End PBXBuildFile section */

/* Begin PBXContainerItemProxy section */
		25A4B5B4234F868D008B4032 /* PBXContainerItemProxy */ = {
			isa = PBXContainerItemProxy;
			containerPortal = 25A4B595234F868A008B4032 /* Project object */;
			proxyType = 1;
			remoteGlobalIDString = 25A4B59C234F868A008B4032;
			remoteInfo = CataaS;
		};
/* End PBXContainerItemProxy section */

/* Begin PBXFileReference section */
		0580431DE229816F43C5B550 /* Pods_CataaS.framework */ = {isa = PBXFileReference; explicitFileType = wrapper.framework; includeInIndex = 0; path = Pods_CataaS.framework; sourceTree = BUILT_PRODUCTS_DIR; };
		25A4B59D234F868A008B4032 /* CataaS.app */ = {isa = PBXFileReference; explicitFileType = wrapper.application; includeInIndex = 0; path = CataaS.app; sourceTree = BUILT_PRODUCTS_DIR; };
		25A4B5A0234F868A008B4032 /* AppDelegate.swift */ = {isa = PBXFileReference; lastKnownFileType = sourcecode.swift; path = AppDelegate.swift; sourceTree = "<group>"; };
		25A4B5A2234F868A008B4032 /* SceneDelegate.swift */ = {isa = PBXFileReference; lastKnownFileType = sourcecode.swift; path = SceneDelegate.swift; sourceTree = "<group>"; };
		25A4B5A4234F868A008B4032 /* ViewController.swift */ = {isa = PBXFileReference; lastKnownFileType = sourcecode.swift; path = ViewController.swift; sourceTree = "<group>"; };
		25A4B5A7234F868A008B4032 /* Base */ = {isa = PBXFileReference; lastKnownFileType = file.storyboard; name = Base; path = Base.lproj/Main.storyboard; sourceTree = "<group>"; };
		25A4B5A9234F868C008B4032 /* Assets.xcassets */ = {isa = PBXFileReference; lastKnownFileType = folder.assetcatalog; path = Assets.xcassets; sourceTree = "<group>"; };
		25A4B5AC234F868C008B4032 /* Base */ = {isa = PBXFileReference; lastKnownFileType = file.storyboard; name = Base; path = Base.lproj/LaunchScreen.storyboard; sourceTree = "<group>"; };
		25A4B5AE234F868C008B4032 /* Info.plist */ = {isa = PBXFileReference; lastKnownFileType = text.plist.xml; path = Info.plist; sourceTree = "<group>"; };
		25A4B5B3234F868D008B4032 /* CataaSTests.xctest */ = {isa = PBXFileReference; explicitFileType = wrapper.cfbundle; includeInIndex = 0; path = CataaSTests.xctest; sourceTree = BUILT_PRODUCTS_DIR; };
		25A4B5B7234F868D008B4032 /* CataaSTests.swift */ = {isa = PBXFileReference; lastKnownFileType = sourcecode.swift; path = CataaSTests.swift; sourceTree = "<group>"; };
		25A4B5B9234F868D008B4032 /* Info.plist */ = {isa = PBXFileReference; lastKnownFileType = text.plist.xml; path = Info.plist; sourceTree = "<group>"; };
		647C9171518A8F0F1F4F2111 /* Pods-CataaSTests.debug.xcconfig */ = {isa = PBXFileReference; includeInIndex = 1; lastKnownFileType = text.xcconfig; name = "Pods-CataaSTests.debug.xcconfig"; path = "Target Support Files/Pods-CataaSTests/Pods-CataaSTests.debug.xcconfig"; sourceTree = "<group>"; };
		AD2D06F3B9ECFD525169A19F /* Pods-CataaS.debug.xcconfig */ = {isa = PBXFileReference; includeInIndex = 1; lastKnownFileType = text.xcconfig; name = "Pods-CataaS.debug.xcconfig"; path = "Target Support Files/Pods-CataaS/Pods-CataaS.debug.xcconfig"; sourceTree = "<group>"; };
		BB8DAD4424571FB161BD1E93 /* Pods_CataaSTests.framework */ = {isa = PBXFileReference; explicitFileType = wrapper.framework; includeInIndex = 0; path = Pods_CataaSTests.framework; sourceTree = BUILT_PRODUCTS_DIR; };
		C17D570AEFCD3784A96DFA34 /* Pods-CataaS.release.xcconfig */ = {isa = PBXFileReference; includeInIndex = 1; lastKnownFileType = text.xcconfig; name = "Pods-CataaS.release.xcconfig"; path = "Target Support Files/Pods-CataaS/Pods-CataaS.release.xcconfig"; sourceTree = "<group>"; };
		EBC32E3389AEC13889DE7059 /* Pods-CataaSTests.release.xcconfig */ = {isa = PBXFileReference; includeInIndex = 1; lastKnownFileType = text.xcconfig; name = "Pods-CataaSTests.release.xcconfig"; path = "Target Support Files/Pods-CataaSTests/Pods-CataaSTests.release.xcconfig"; sourceTree = "<group>"; };
/* End PBXFileReference section */

/* Begin PBXFrameworksBuildPhase section */
		25A4B59A234F868A008B4032 /* Frameworks */ = {
			isa = PBXFrameworksBuildPhase;
			buildActionMask = 2147483647;
			files = (
				3970C2A220B2BFA621F3F8CA /* Pods_CataaS.framework in Frameworks */,
			);
			runOnlyForDeploymentPostprocessing = 0;
		};
		25A4B5B0234F868D008B4032 /* Frameworks */ = {
			isa = PBXFrameworksBuildPhase;
			buildActionMask = 2147483647;
			files = (
				703D2AE6AAAADD50BBB54735 /* Pods_CataaSTests.framework in Frameworks */,
			);
			runOnlyForDeploymentPostprocessing = 0;
		};
/* End PBXFrameworksBuildPhase section */

/* Begin PBXGroup section */
		25A4B594234F868A008B4032 = {
			isa = PBXGroup;
			children = (
				25A4B59F234F868A008B4032 /* CataaS */,
				25A4B5B6234F868D008B4032 /* CataaSTests */,
				25A4B59E234F868A008B4032 /* Products */,
				C6C45059F4F98CD57F3D8CA8 /* Pods */,
				EE88A20B78184B5AA87FC04C /* Frameworks */,
			);
			sourceTree = "<group>";
		};
		25A4B59E234F868A008B4032 /* Products */ = {
			isa = PBXGroup;
			children = (
				25A4B59D234F868A008B4032 /* CataaS.app */,
				25A4B5B3234F868D008B4032 /* CataaSTests.xctest */,
			);
			name = Products;
			sourceTree = "<group>";
		};
		25A4B59F234F868A008B4032 /* CataaS */ = {
			isa = PBXGroup;
			children = (
				25A4B5A0234F868A008B4032 /* AppDelegate.swift */,
				25A4B5A2234F868A008B4032 /* SceneDelegate.swift */,
				25A4B5A4234F868A008B4032 /* ViewController.swift */,
				25A4B5A6234F868A008B4032 /* Main.storyboard */,
				25A4B5A9234F868C008B4032 /* Assets.xcassets */,
				25A4B5AB234F868C008B4032 /* LaunchScreen.storyboard */,
				25A4B5AE234F868C008B4032 /* Info.plist */,
			);
			path = CataaS;
			sourceTree = "<group>";
		};
		25A4B5B6234F868D008B4032 /* CataaSTests */ = {
			isa = PBXGroup;
			children = (
				25A4B5B7234F868D008B4032 /* CataaSTests.swift */,
				25A4B5B9234F868D008B4032 /* Info.plist */,
			);
			path = CataaSTests;
			sourceTree = "<group>";
		};
		C6C45059F4F98CD57F3D8CA8 /* Pods */ = {
			isa = PBXGroup;
			children = (
				AD2D06F3B9ECFD525169A19F /* Pods-CataaS.debug.xcconfig */,
				C17D570AEFCD3784A96DFA34 /* Pods-CataaS.release.xcconfig */,
				647C9171518A8F0F1F4F2111 /* Pods-CataaSTests.debug.xcconfig */,
				EBC32E3389AEC13889DE7059 /* Pods-CataaSTests.release.xcconfig */,
			);
			name = Pods;
			path = Pods;
			sourceTree = "<group>";
		};
		EE88A20B78184B5AA87FC04C /* Frameworks */ = {
			isa = PBXGroup;
			children = (
				0580431DE229816F43C5B550 /* Pods_CataaS.framework */,
				BB8DAD4424571FB161BD1E93 /* Pods_CataaSTests.framework */,
			);
			name = Frameworks;
			sourceTree = "<group>";
		};
/* End PBXGroup section */

/* Begin PBXNativeTarget section */
		25A4B59C234F868A008B4032 /* CataaS */ = {
			isa = PBXNativeTarget;
			buildConfigurationList = 25A4B5BC234F868D008B4032 /* Build configuration list for PBXNativeTarget "CataaS" */;
			buildPhases = (
				D64294ACEDE6D620C6BCE21E /* [CP] Check Pods Manifest.lock */,
				25A4B599234F868A008B4032 /* Sources */,
				25A4B59A234F868A008B4032 /* Frameworks */,
				25A4B59B234F868A008B4032 /* Resources */,
			);
			buildRules = (
			);
			dependencies = (
			);
			name = CataaS;
			productName = CataaS;
			productReference = 25A4B59D234F868A008B4032 /* CataaS.app */;
			productType = "com.apple.product-type.application";
		};
		25A4B5B2234F868D008B4032 /* CataaSTests */ = {
			isa = PBXNativeTarget;
			buildConfigurationList = 25A4B5BF234F868D008B4032 /* Build configuration list for PBXNativeTarget "CataaSTests" */;
			buildPhases = (
				6E3D351431C748ADB0B6061B /* [CP] Check Pods Manifest.lock */,
				25A4B5AF234F868D008B4032 /* Sources */,
				25A4B5B0234F868D008B4032 /* Frameworks */,
				25A4B5B1234F868D008B4032 /* Resources */,
			);
			buildRules = (
			);
			dependencies = (
				25A4B5B5234F868D008B4032 /* PBXTargetDependency */,
			);
			name = CataaSTests;
			productName = CataaSTests;
			productReference = 25A4B5B3234F868D008B4032 /* CataaSTests.xctest */;
			productType = "com.apple.product-type.bundle.unit-test";
		};
/* End PBXNativeTarget section */

/* Begin PBXProject section */
		25A4B595234F868A008B4032 /* Project object */ = {
			isa = PBXProject;
			attributes = {
				LastSwiftUpdateCheck = 1100;
				LastUpgradeCheck = 1100;
				ORGANIZATIONNAME = "Thinh Vo";
				TargetAttributes = {
					25A4B59C234F868A008B4032 = {
						CreatedOnToolsVersion = 11.0;
					};
					25A4B5B2234F868D008B4032 = {
						CreatedOnToolsVersion = 11.0;
						TestTargetID = 25A4B59C234F868A008B4032;
					};
				};
			};
			buildConfigurationList = 25A4B598234F868A008B4032 /* Build configuration list for PBXProject "CataaS" */;
			compatibilityVersion = "Xcode 9.3";
			developmentRegion = en;
			hasScannedForEncodings = 0;
			knownRegions = (
				en,
				Base,
			);
			mainGroup = 25A4B594234F868A008B4032;
			productRefGroup = 25A4B59E234F868A008B4032 /* Products */;
			projectDirPath = "";
			projectRoot = "";
			targets = (
				25A4B59C234F868A008B4032 /* CataaS */,
				25A4B5B2234F868D008B4032 /* CataaSTests */,
			);
		};
/* End PBXProject section */

/* Begin PBXResourcesBuildPhase section */
		25A4B59B234F868A008B4032 /* Resources */ = {
			isa = PBXResourcesBuildPhase;
			buildActionMask = 2147483647;
			files = (
				25A4B5AD234F868C008B4032 /* LaunchScreen.storyboard in Resources */,
				25A4B5AA234F868C008B4032 /* Assets.xcassets in Resources */,
				25A4B5A8234F868A008B4032 /* Main.storyboard in Resources */,
			);
			runOnlyForDeploymentPostprocessing = 0;
		};
		25A4B5B1234F868D008B4032 /* Resources */ = {
			isa = PBXResourcesBuildPhase;
			buildActionMask = 2147483647;
			files = (
			);
			runOnlyForDeploymentPostprocessing = 0;
		};
/* End PBXResourcesBuildPhase section */

/* Begin PBXShellScriptBuildPhase section */
		6E3D351431C748ADB0B6061B /* [CP] Check Pods Manifest.lock */ = {
			isa = PBXShellScriptBuildPhase;
			buildActionMask = 2147483647;
			files = (
			);
			inputFileListPaths = (
			);
			inputPaths = (
				"${PODS_PODFILE_DIR_PATH}/Podfile.lock",
				"${PODS_ROOT}/Manifest.lock",
			);
			name = "[CP] Check Pods Manifest.lock";
			outputFileListPaths = (
			);
			outputPaths = (
				"$(DERIVED_FILE_DIR)/Pods-CataaSTests-checkManifestLockResult.txt",
			);
			runOnlyForDeploymentPostprocessing = 0;
			shellPath = /bin/sh;
			shellScript = "diff \"${PODS_PODFILE_DIR_PATH}/Podfile.lock\" \"${PODS_ROOT}/Manifest.lock\" > /dev/null\nif [ $? != 0 ] ; then\n    # print error to STDERR\n    echo \"error: The sandbox is not in sync with the Podfile.lock. Run 'pod install' or update your CocoaPods installation.\" >&2\n    exit 1\nfi\n# This output is used by Xcode 'outputs' to avoid re-running this script phase.\necho \"SUCCESS\" > \"${SCRIPT_OUTPUT_FILE_0}\"\n";
			showEnvVarsInLog = 0;
		};
		D64294ACEDE6D620C6BCE21E /* [CP] Check Pods Manifest.lock */ = {
			isa = PBXShellScriptBuildPhase;
			buildActionMask = 2147483647;
			files = (
			);
			inputFileListPaths = (
			);
			inputPaths = (
				"${PODS_PODFILE_DIR_PATH}/Podfile.lock",
				"${PODS_ROOT}/Manifest.lock",
			);
			name = "[CP] Check Pods Manifest.lock";
			outputFileListPaths = (
			);
			outputPaths = (
				"$(DERIVED_FILE_DIR)/Pods-CataaS-checkManifestLockResult.txt",
			);
			runOnlyForDeploymentPostprocessing = 0;
			shellPath = /bin/sh;
			shellScript = "diff \"${PODS_PODFILE_DIR_PATH}/Podfile.lock\" \"${PODS_ROOT}/Manifest.lock\" > /dev/null\nif [ $? != 0 ] ; then\n    # print error to STDERR\n    echo \"error: The sandbox is not in sync with the Podfile.lock. Run 'pod install' or update your CocoaPods installation.\" >&2\n    exit 1\nfi\n# This output is used by Xcode 'outputs' to avoid re-running this script phase.\necho \"SUCCESS\" > \"${SCRIPT_OUTPUT_FILE_0}\"\n";
			showEnvVarsInLog = 0;
		};
/* End PBXShellScriptBuildPhase section */

/* Begin PBXSourcesBuildPhase section */
		25A4B599234F868A008B4032 /* Sources */ = {
			isa = PBXSourcesBuildPhase;
			buildActionMask = 2147483647;
			files = (
				25A4B5A5234F868A008B4032 /* ViewController.swift in Sources */,
				25A4B5A1234F868A008B4032 /* AppDelegate.swift in Sources */,
				25A4B5A3234F868A008B4032 /* SceneDelegate.swift in Sources */,
			);
			runOnlyForDeploymentPostprocessing = 0;
		};
		25A4B5AF234F868D008B4032 /* Sources */ = {
			isa = PBXSourcesBuildPhase;
			buildActionMask = 2147483647;
			files = (
				25A4B5B8234F868D008B4032 /* CataaSTests.swift in Sources */,
			);
			runOnlyForDeploymentPostprocessing = 0;
		};
/* End PBXSourcesBuildPhase section */

/* Begin PBXTargetDependency section */
		25A4B5B5234F868D008B4032 /* PBXTargetDependency */ = {
			isa = PBXTargetDependency;
			target = 25A4B59C234F868A008B4032 /* CataaS */;
			targetProxy = 25A4B5B4234F868D008B4032 /* PBXContainerItemProxy */;
		};
/* End PBXTargetDependency section */

/* Begin PBXVariantGroup section */
		25A4B5A6234F868A008B4032 /* Main.storyboard */ = {
			isa = PBXVariantGroup;
			children = (
				25A4B5A7234F868A008B4032 /* Base */,
			);
			name = Main.storyboard;
			sourceTree = "<group>";
		};
		25A4B5AB234F868C008B4032 /* LaunchScreen.storyboard */ = {
			isa = PBXVariantGroup;
			children = (
				25A4B5AC234F868C008B4032 /* Base */,
			);
			name = LaunchScreen.storyboard;
			sourceTree = "<group>";
		};
/* End PBXVariantGroup section */

/* Begin XCBuildConfiguration section */
		25A4B5BA234F868D008B4032 /* Debug */ = {
			isa = XCBuildConfiguration;
			buildSettings = {
				ALWAYS_SEARCH_USER_PATHS = NO;
				CLANG_ANALYZER_NONNULL = YES;
				CLANG_ANALYZER_NUMBER_OBJECT_CONVERSION = YES_AGGRESSIVE;
				CLANG_CXX_LANGUAGE_STANDARD = "gnu++14";
				CLANG_CXX_LIBRARY = "libc++";
				CLANG_ENABLE_MODULES = YES;
				CLANG_ENABLE_OBJC_ARC = YES;
				CLANG_ENABLE_OBJC_WEAK = YES;
				CLANG_WARN_BLOCK_CAPTURE_AUTORELEASING = YES;
				CLANG_WARN_BOOL_CONVERSION = YES;
				CLANG_WARN_COMMA = YES;
				CLANG_WARN_CONSTANT_CONVERSION = YES;
				CLANG_WARN_DEPRECATED_OBJC_IMPLEMENTATIONS = YES;
				CLANG_WARN_DIRECT_OBJC_ISA_USAGE = YES_ERROR;
				CLANG_WARN_DOCUMENTATION_COMMENTS = YES;
				CLANG_WARN_EMPTY_BODY = YES;
				CLANG_WARN_ENUM_CONVERSION = YES;
				CLANG_WARN_INFINITE_RECURSION = YES;
				CLANG_WARN_INT_CONVERSION = YES;
				CLANG_WARN_NON_LITERAL_NULL_CONVERSION = YES;
				CLANG_WARN_OBJC_IMPLICIT_RETAIN_SELF = YES;
				CLANG_WARN_OBJC_LITERAL_CONVERSION = YES;
				CLANG_WARN_OBJC_ROOT_CLASS = YES_ERROR;
				CLANG_WARN_RANGE_LOOP_ANALYSIS = YES;
				CLANG_WARN_STRICT_PROTOTYPES = YES;
				CLANG_WARN_SUSPICIOUS_MOVE = YES;
				CLANG_WARN_UNGUARDED_AVAILABILITY = YES_AGGRESSIVE;
				CLANG_WARN_UNREACHABLE_CODE = YES;
				CLANG_WARN__DUPLICATE_METHOD_MATCH = YES;
				COPY_PHASE_STRIP = NO;
				DEBUG_INFORMATION_FORMAT = dwarf;
				ENABLE_STRICT_OBJC_MSGSEND = YES;
				ENABLE_TESTABILITY = YES;
				GCC_C_LANGUAGE_STANDARD = gnu11;
				GCC_DYNAMIC_NO_PIC = NO;
				GCC_NO_COMMON_BLOCKS = YES;
				GCC_OPTIMIZATION_LEVEL = 0;
				GCC_PREPROCESSOR_DEFINITIONS = (
					"DEBUG=1",
					"$(inherited)",
				);
				GCC_WARN_64_TO_32_BIT_CONVERSION = YES;
				GCC_WARN_ABOUT_RETURN_TYPE = YES_ERROR;
				GCC_WARN_UNDECLARED_SELECTOR = YES;
				GCC_WARN_UNINITIALIZED_AUTOS = YES_AGGRESSIVE;
				GCC_WARN_UNUSED_FUNCTION = YES;
				GCC_WARN_UNUSED_VARIABLE = YES;
				IPHONEOS_DEPLOYMENT_TARGET = 13.0;
				MTL_ENABLE_DEBUG_INFO = INCLUDE_SOURCE;
				MTL_FAST_MATH = YES;
				ONLY_ACTIVE_ARCH = YES;
				SDKROOT = iphoneos;
				SWIFT_ACTIVE_COMPILATION_CONDITIONS = DEBUG;
				SWIFT_OPTIMIZATION_LEVEL = "-Onone";
			};
			name = Debug;
		};
		25A4B5BB234F868D008B4032 /* Release */ = {
			isa = XCBuildConfiguration;
			buildSettings = {
				ALWAYS_SEARCH_USER_PATHS = NO;
				CLANG_ANALYZER_NONNULL = YES;
				CLANG_ANALYZER_NUMBER_OBJECT_CONVERSION = YES_AGGRESSIVE;
				CLANG_CXX_LANGUAGE_STANDARD = "gnu++14";
				CLANG_CXX_LIBRARY = "libc++";
				CLANG_ENABLE_MODULES = YES;
				CLANG_ENABLE_OBJC_ARC = YES;
				CLANG_ENABLE_OBJC_WEAK = YES;
				CLANG_WARN_BLOCK_CAPTURE_AUTORELEASING = YES;
				CLANG_WARN_BOOL_CONVERSION = YES;
				CLANG_WARN_COMMA = YES;
				CLANG_WARN_CONSTANT_CONVERSION = YES;
				CLANG_WARN_DEPRECATED_OBJC_IMPLEMENTATIONS = YES;
				CLANG_WARN_DIRECT_OBJC_ISA_USAGE = YES_ERROR;
				CLANG_WARN_DOCUMENTATION_COMMENTS = YES;
				CLANG_WARN_EMPTY_BODY = YES;
				CLANG_WARN_ENUM_CONVERSION = YES;
				CLANG_WARN_INFINITE_RECURSION = YES;
				CLANG_WARN_INT_CONVERSION = YES;
				CLANG_WARN_NON_LITERAL_NULL_CONVERSION = YES;
				CLANG_WARN_OBJC_IMPLICIT_RETAIN_SELF = YES;
				CLANG_WARN_OBJC_LITERAL_CONVERSION = YES;
				CLANG_WARN_OBJC_ROOT_CLASS = YES_ERROR;
				CLANG_WARN_RANGE_LOOP_ANALYSIS = YES;
				CLANG_WARN_STRICT_PROTOTYPES = YES;
				CLANG_WARN_SUSPICIOUS_MOVE = YES;
				CLANG_WARN_UNGUARDED_AVAILABILITY = YES_AGGRESSIVE;
				CLANG_WARN_UNREACHABLE_CODE = YES;
				CLANG_WARN__DUPLICATE_METHOD_MATCH = YES;
				COPY_PHASE_STRIP = NO;
				DEBUG_INFORMATION_FORMAT = "dwarf-with-dsym";
				ENABLE_NS_ASSERTIONS = NO;
				ENABLE_STRICT_OBJC_MSGSEND = YES;
				GCC_C_LANGUAGE_STANDARD = gnu11;
				GCC_NO_COMMON_BLOCKS = YES;
				GCC_WARN_64_TO_32_BIT_CONVERSION = YES;
				GCC_WARN_ABOUT_RETURN_TYPE = YES_ERROR;
				GCC_WARN_UNDECLARED_SELECTOR = YES;
				GCC_WARN_UNINITIALIZED_AUTOS = YES_AGGRESSIVE;
				GCC_WARN_UNUSED_FUNCTION = YES;
				GCC_WARN_UNUSED_VARIABLE = YES;
				IPHONEOS_DEPLOYMENT_TARGET = 13.0;
				MTL_ENABLE_DEBUG_INFO = NO;
				MTL_FAST_MATH = YES;
				SDKROOT = iphoneos;
				SWIFT_COMPILATION_MODE = wholemodule;
				SWIFT_OPTIMIZATION_LEVEL = "-O";
				VALIDATE_PRODUCT = YES;
			};
			name = Release;
		};
		25A4B5BD234F868D008B4032 /* Debug */ = {
			isa = XCBuildConfiguration;
			baseConfigurationReference = AD2D06F3B9ECFD525169A19F /* Pods-CataaS.debug.xcconfig */;
			buildSettings = {
				ASSETCATALOG_COMPILER_APPICON_NAME = AppIcon;
				CODE_SIGN_STYLE = Automatic;
				DEVELOPMENT_TEAM = 8GG6MPK9MH;
				INFOPLIST_FILE = CataaS/Info.plist;
				LD_RUNPATH_SEARCH_PATHS = (
					"$(inherited)",
					"@executable_path/Frameworks",
				);
				PRODUCT_BUNDLE_IDENTIFIER = com.assignment.CataaS.CataaS;
				PRODUCT_NAME = "$(TARGET_NAME)";
				SWIFT_VERSION = 5.0;
				TARGETED_DEVICE_FAMILY = "1,2";
			};
			name = Debug;
		};
		25A4B5BE234F868D008B4032 /* Release */ = {
			isa = XCBuildConfiguration;
			baseConfigurationReference = C17D570AEFCD3784A96DFA34 /* Pods-CataaS.release.xcconfig */;
			buildSettings = {
				ASSETCATALOG_COMPILER_APPICON_NAME = AppIcon;
				CODE_SIGN_STYLE = Automatic;
				DEVELOPMENT_TEAM = 8GG6MPK9MH;
				INFOPLIST_FILE = CataaS/Info.plist;
				LD_RUNPATH_SEARCH_PATHS = (
					"$(inherited)",
					"@executable_path/Frameworks",
				);
				PRODUCT_BUNDLE_IDENTIFIER = com.assignment.CataaS.CataaS;
				PRODUCT_NAME = "$(TARGET_NAME)";
				SWIFT_VERSION = 5.0;
				TARGETED_DEVICE_FAMILY = "1,2";
			};
			name = Release;
		};
		25A4B5C0234F868D008B4032 /* Debug */ = {
			isa = XCBuildConfiguration;
			baseConfigurationReference = 647C9171518A8F0F1F4F2111 /* Pods-CataaSTests.debug.xcconfig */;
			buildSettings = {
				ALWAYS_EMBED_SWIFT_STANDARD_LIBRARIES = YES;
				BUNDLE_LOADER = "$(TEST_HOST)";
				CODE_SIGN_STYLE = Automatic;
				DEVELOPMENT_TEAM = 8GG6MPK9MH;
				INFOPLIST_FILE = CataaSTests/Info.plist;
				IPHONEOS_DEPLOYMENT_TARGET = 13.0;
				LD_RUNPATH_SEARCH_PATHS = (
					"$(inherited)",
					"@executable_path/Frameworks",
					"@loader_path/Frameworks",
				);
				PRODUCT_BUNDLE_IDENTIFIER = com.assignment.CataaS.CataaSTests;
				PRODUCT_NAME = "$(TARGET_NAME)";
				SWIFT_VERSION = 5.0;
				TARGETED_DEVICE_FAMILY = "1,2";
				TEST_HOST = "$(BUILT_PRODUCTS_DIR)/CataaS.app/CataaS";
			};
			name = Debug;
		};
		25A4B5C1234F868D008B4032 /* Release */ = {
			isa = XCBuildConfiguration;
			baseConfigurationReference = EBC32E3389AEC13889DE7059 /* Pods-CataaSTests.release.xcconfig */;
			buildSettings = {
				ALWAYS_EMBED_SWIFT_STANDARD_LIBRARIES = YES;
				BUNDLE_LOADER = "$(TEST_HOST)";
				CODE_SIGN_STYLE = Automatic;
				DEVELOPMENT_TEAM = 8GG6MPK9MH;
				INFOPLIST_FILE = CataaSTests/Info.plist;
				IPHONEOS_DEPLOYMENT_TARGET = 13.0;
				LD_RUNPATH_SEARCH_PATHS = (
					"$(inherited)",
					"@executable_path/Frameworks",
					"@loader_path/Frameworks",
				);
				PRODUCT_BUNDLE_IDENTIFIER = com.assignment.CataaS.CataaSTests;
				PRODUCT_NAME = "$(TARGET_NAME)";
				SWIFT_VERSION = 5.0;
				TARGETED_DEVICE_FAMILY = "1,2";
				TEST_HOST = "$(BUILT_PRODUCTS_DIR)/CataaS.app/CataaS";
			};
			name = Release;
		};
/* End XCBuildConfiguration section */

/* Begin XCConfigurationList section */
		25A4B598234F868A008B4032 /* Build configuration list for PBXProject "CataaS" */ = {
			isa = XCConfigurationList;
			buildConfigurations = (
				25A4B5BA234F868D008B4032 /* Debug */,
				25A4B5BB234F868D008B4032 /* Release */,
			);
			defaultConfigurationIsVisible = 0;
			defaultConfigurationName = Release;
		};
		25A4B5BC234F868D008B4032 /* Build configuration list for PBXNativeTarget "CataaS" */ = {
			isa = XCConfigurationList;
			buildConfigurations = (
				25A4B5BD234F868D008B4032 /* Debug */,
				25A4B5BE234F868D008B4032 /* Release */,
			);
			defaultConfigurationIsVisible = 0;
			defaultConfigurationName = Release;
		};
		25A4B5BF234F868D008B4032 /* Build configuration list for PBXNativeTarget "CataaSTests" */ = {
			isa = XCConfigurationList;
			buildConfigurations = (
				25A4B5C0234F868D008B4032 /* Debug */,
				25A4B5C1234F868D008B4032 /* Release */,
			);
			defaultConfigurationIsVisible = 0;
			defaultConfigurationName = Release;
		};
/* End XCConfigurationList section */
	};
	rootObject = 25A4B595234F868A008B4032 /* Project object */;
}
